
Microsoft Visual Studio Solution File, Format Version 12.00
# Visual Studio Version 16
VisualStudioVersion = 16.0.809.10
MinimumVisualStudioVersion = 10.0.40219.1
Project("{FAE04EC0-301F-11D3-BF4B-00C04F79EFBC}") = "MyGram", "MyGram\MyGram.csproj", "{181EDF1B-8C6C-40A6-A2E6-61581E847639}"
EndProject
Global
	GlobalSection(SolutionConfigurationPlatforms) = preSolution
		Debug|Any CPU = Debug|Any CPU
		Release|Any CPU = Release|Any CPU
	EndGlobalSection
	GlobalSection(ProjectConfigurationPlatforms) = postSolution
		{181EDF1B-8C6C-40A6-A2E6-61581E847639}.Debug|Any CPU.ActiveCfg = Debug|Any CPU
		{181EDF1B-8C6C-40A6-A2E6-61581E847639}.Debug|Any CPU.Build.0 = Debug|Any CPU
		{181EDF1B-8C6C-40A6-A2E6-61581E847639}.Release|Any CPU.ActiveCfg = Release|Any CPU
		{181EDF1B-8C6C-40A6-A2E6-61581E847639}.Release|Any CPU.Build.0 = Release|Any CPU
	EndGlobalSection
	GlobalSection(SolutionProperties) = preSolution
		HideSolutionNode = FALSE
	EndGlobalSection
	GlobalSection(ExtensibilityGlobals) = postSolution
		SolutionGuid = {28D2F5F1-43E2-4F58-8735-2629D487CDEA}
	EndGlobalSection
EndGlobal
